
Microsoft Visual Studio Solution File, Format Version 12.00
# Visual Studio 15
VisualStudioVersion = 15.0.26228.4
MinimumVisualStudioVersion = 10.0.40219.1
Project("{2150E333-8FDC-42A3-9474-1A3956D46DE8}") = "src", "src", "{FBBF5B9A-BFBA-4956-A12C-C2C7950C125A}"
EndProject
Project("{2150E333-8FDC-42A3-9474-1A3956D46DE8}") = "Solution Items", "Solution Items", "{514AEFCD-E333-4B13-BA14-014114269A9F}"
EndProject
Project("{2150E333-8FDC-42A3-9474-1A3956D46DE8}") = "test", "test", "{A360B53D-6580-449F-87E1-1E833DF014B5}"
EndProject
Project("{2150E333-8FDC-42A3-9474-1A3956D46DE8}") = "Binaries", "Binaries", "{9B704774-1489-408E-BF42-91BC230EF80D}"
EndProject
Project("{9A19103F-16F7-4668-BE54-9A1E7A4F7556}") = "Example.Rest.Service", "src\Example.Rest.Service\Example.Rest.Service.csproj", "{573C9F06-8E22-42F6-8241-9BF1B00C0700}"
EndProject
Project("{9A19103F-16F7-4668-BE54-9A1E7A4F7556}") = "Example.Rest.Business", "src\Example.Rest.Business\Example.Rest.Business.csproj", "{4D840B08-6493-4A3A-8C9D-F383CBC22883}"
EndProject
Project("{9A19103F-16F7-4668-BE54-9A1E7A4F7556}") = "Example.Rest.Business.Tests", "test\Example.Rest.Business.Tests\Example.Rest.Business.Tests.csproj", "{850EB5FB-2971-408A-8FE2-C83AE77C8855}"
EndProject
Project("{9A19103F-16F7-4668-BE54-9A1E7A4F7556}") = "Example.Rest.Context.Tests", "test\Example.Rest.Context.Tests\Example.Rest.Context.Tests.csproj", "{DE8E24ED-3EBE-49A9-BAA5-BF34F8D13AA4}"
EndProject
Project("{9A19103F-16F7-4668-BE54-9A1E7A4F7556}") = "Example.Rest.Service.Tests", "test\Example.Rest.Service.Tests\Example.Rest.Service.Tests.csproj", "{7E5D45C9-551B-4356-8E4C-162F4139FBC8}"
EndProject
Project("{9A19103F-16F7-4668-BE54-9A1E7A4F7556}") = "Example.Rest.Context", "src\Example.Rest.Context\Example.Rest.Context.csproj", "{3FB24EF2-3E42-4D4B-8F51-068B1F8A279E}"
EndProject
Project("{FAE04EC0-301F-11D3-BF4B-00C04F79EFBC}") = "Example.Rest.Entities", "Example.Rest.Entities\Example.Rest.Entities.csproj", "{223E4743-14BE-4AC4-A705-EF2FB1824F63}"
EndProject
Global
	GlobalSection(SolutionConfigurationPlatforms) = preSolution
		Debug|Any CPU = Debug|Any CPU
		Debug|x64 = Debug|x64
		Debug|x86 = Debug|x86
		Release|Any CPU = Release|Any CPU
		Release|x64 = Release|x64
		Release|x86 = Release|x86
	EndGlobalSection
	GlobalSection(ProjectConfigurationPlatforms) = postSolution
		{573C9F06-8E22-42F6-8241-9BF1B00C0700}.Debug|Any CPU.ActiveCfg = Debug|Any CPU
		{573C9F06-8E22-42F6-8241-9BF1B00C0700}.Debug|Any CPU.Build.0 = Debug|Any CPU
		{573C9F06-8E22-42F6-8241-9BF1B00C0700}.Debug|x64.ActiveCfg = Debug|Any CPU
		{573C9F06-8E22-42F6-8241-9BF1B00C0700}.Debug|x64.Build.0 = Debug|Any CPU
		{573C9F06-8E22-42F6-8241-9BF1B00C0700}.Debug|x86.ActiveCfg = Debug|Any CPU
		{573C9F06-8E22-42F6-8241-9BF1B00C0700}.Debug|x86.Build.0 = Debug|Any CPU
		{573C9F06-8E22-42F6-8241-9BF1B00C0700}.Release|Any CPU.ActiveCfg = Release|Any CPU
		{573C9F06-8E22-42F6-8241-9BF1B00C0700}.Release|Any CPU.Build.0 = Release|Any CPU
		{573C9F06-8E22-42F6-8241-9BF1B00C0700}.Release|x64.ActiveCfg = Release|Any CPU
		{573C9F06-8E22-42F6-8241-9BF1B00C0700}.Release|x64.Build.0 = Release|Any CPU
		{573C9F06-8E22-42F6-8241-9BF1B00C0700}.Release|x86.ActiveCfg = Release|Any CPU
		{573C9F06-8E22-42F6-8241-9BF1B00C0700}.Release|x86.Build.0 = Release|Any CPU
		{4D840B08-6493-4A3A-8C9D-F383CBC22883}.Debug|Any CPU.ActiveCfg = Debug|Any CPU
		{4D840B08-6493-4A3A-8C9D-F383CBC22883}.Debug|Any CPU.Build.0 = Debug|Any CPU
		{4D840B08-6493-4A3A-8C9D-F383CBC22883}.Debug|x64.ActiveCfg = Debug|Any CPU
		{4D840B08-6493-4A3A-8C9D-F383CBC22883}.Debug|x64.Build.0 = Debug|Any CPU
		{4D840B08-6493-4A3A-8C9D-F383CBC22883}.Debug|x86.ActiveCfg = Debug|Any CPU
		{4D840B08-6493-4A3A-8C9D-F383CBC22883}.Debug|x86.Build.0 = Debug|Any CPU
		{4D840B08-6493-4A3A-8C9D-F383CBC22883}.Release|Any CPU.ActiveCfg = Release|Any CPU
		{4D840B08-6493-4A3A-8C9D-F383CBC22883}.Release|Any CPU.Build.0 = Release|Any CPU
		{4D840B08-6493-4A3A-8C9D-F383CBC22883}.Release|x64.ActiveCfg = Release|Any CPU
		{4D840B08-6493-4A3A-8C9D-F383CBC22883}.Release|x64.Build.0 = Release|Any CPU
		{4D840B08-6493-4A3A-8C9D-F383CBC22883}.Release|x86.ActiveCfg = Release|Any CPU
		{4D840B08-6493-4A3A-8C9D-F383CBC22883}.Release|x86.Build.0 = Release|Any CPU
		{850EB5FB-2971-408A-8FE2-C83AE77C8855}.Debug|Any CPU.ActiveCfg = Debug|Any CPU
		{850EB5FB-2971-408A-8FE2-C83AE77C8855}.Debug|Any CPU.Build.0 = Debug|Any CPU
		{850EB5FB-2971-408A-8FE2-C83AE77C8855}.Debug|x64.ActiveCfg = Debug|Any CPU
		{850EB5FB-2971-408A-8FE2-C83AE77C8855}.Debug|x64.Build.0 = Debug|Any CPU
		{850EB5FB-2971-408A-8FE2-C83AE77C8855}.Debug|x86.ActiveCfg = Debug|Any CPU
		{850EB5FB-2971-408A-8FE2-C83AE77C8855}.Debug|x86.Build.0 = Debug|Any CPU
		{850EB5FB-2971-408A-8FE2-C83AE77C8855}.Release|Any CPU.ActiveCfg = Release|Any CPU
		{850EB5FB-2971-408A-8FE2-C83AE77C8855}.Release|Any CPU.Build.0 = Release|Any CPU
		{850EB5FB-2971-408A-8FE2-C83AE77C8855}.Release|x64.ActiveCfg = Release|Any CPU
		{850EB5FB-2971-408A-8FE2-C83AE77C8855}.Release|x64.Build.0 = Release|Any CPU
		{850EB5FB-2971-408A-8FE2-C83AE77C8855}.Release|x86.ActiveCfg = Release|Any CPU
		{850EB5FB-2971-408A-8FE2-C83AE77C8855}.Release|x86.Build.0 = Release|Any CPU
		{DE8E24ED-3EBE-49A9-BAA5-BF34F8D13AA4}.Debug|Any CPU.ActiveCfg = Debug|Any CPU
		{DE8E24ED-3EBE-49A9-BAA5-BF34F8D13AA4}.Debug|Any CPU.Build.0 = Debug|Any CPU
		{DE8E24ED-3EBE-49A9-BAA5-BF34F8D13AA4}.Debug|x64.ActiveCfg = Debug|Any CPU
		{DE8E24ED-3EBE-49A9-BAA5-BF34F8D13AA4}.Debug|x64.Build.0 = Debug|Any CPU
		{DE8E24ED-3EBE-49A9-BAA5-BF34F8D13AA4}.Debug|x86.ActiveCfg = Debug|Any CPU
		{DE8E24ED-3EBE-49A9-BAA5-BF34F8D13AA4}.Debug|x86.Build.0 = Debug|Any CPU
		{DE8E24ED-3EBE-49A9-BAA5-BF34F8D13AA4}.Release|Any CPU.ActiveCfg = Release|Any CPU
		{DE8E24ED-3EBE-49A9-BAA5-BF34F8D13AA4}.Release|Any CPU.Build.0 = Release|Any CPU
		{DE8E24ED-3EBE-49A9-BAA5-BF34F8D13AA4}.Release|x64.ActiveCfg = Release|Any CPU
		{DE8E24ED-3EBE-49A9-BAA5-BF34F8D13AA4}.Release|x64.Build.0 = Release|Any CPU
		{DE8E24ED-3EBE-49A9-BAA5-BF34F8D13AA4}.Release|x86.ActiveCfg = Release|Any CPU
		{DE8E24ED-3EBE-49A9-BAA5-BF34F8D13AA4}.Release|x86.Build.0 = Release|Any CPU
		{7E5D45C9-551B-4356-8E4C-162F4139FBC8}.Debug|Any CPU.ActiveCfg = Debug|Any CPU
		{7E5D45C9-551B-4356-8E4C-162F4139FBC8}.Debug|Any CPU.Build.0 = Debug|Any CPU
		{7E5D45C9-551B-4356-8E4C-162F4139FBC8}.Debug|x64.ActiveCfg = Debug|Any CPU
		{7E5D45C9-551B-4356-8E4C-162F4139FBC8}.Debug|x64.Build.0 = Debug|Any CPU
		{7E5D45C9-551B-4356-8E4C-162F4139FBC8}.Debug|x86.ActiveCfg = Debug|Any CPU
		{7E5D45C9-551B-4356-8E4C-162F4139FBC8}.Debug|x86.Build.0 = Debug|Any CPU
		{7E5D45C9-551B-4356-8E4C-162F4139FBC8}.Release|Any CPU.ActiveCfg = Release|Any CPU
		{7E5D45C9-551B-4356-8E4C-162F4139FBC8}.Release|Any CPU.Build.0 = Release|Any CPU
		{7E5D45C9-551B-4356-8E4C-162F4139FBC8}.Release|x64.ActiveCfg = Release|Any CPU
		{7E5D45C9-551B-4356-8E4C-162F4139FBC8}.Release|x64.Build.0 = Release|Any CPU
		{7E5D45C9-551B-4356-8E4C-162F4139FBC8}.Release|x86.ActiveCfg = Release|Any CPU
		{7E5D45C9-551B-4356-8E4C-162F4139FBC8}.Release|x86.Build.0 = Release|Any CPU
		{3FB24EF2-3E42-4D4B-8F51-068B1F8A279E}.Debug|Any CPU.ActiveCfg = Debug|Any CPU
		{3FB24EF2-3E42-4D4B-8F51-068B1F8A279E}.Debug|Any CPU.Build.0 = Debug|Any CPU
		{3FB24EF2-3E42-4D4B-8F51-068B1F8A279E}.Debug|x64.ActiveCfg = Debug|Any CPU
		{3FB24EF2-3E42-4D4B-8F51-068B1F8A279E}.Debug|x64.Build.0 = Debug|Any CPU
		{3FB24EF2-3E42-4D4B-8F51-068B1F8A279E}.Debug|x86.ActiveCfg = Debug|Any CPU
		{3FB24EF2-3E42-4D4B-8F51-068B1F8A279E}.Debug|x86.Build.0 = Debug|Any CPU
		{3FB24EF2-3E42-4D4B-8F51-068B1F8A279E}.Release|Any CPU.ActiveCfg = Release|Any CPU
		{3FB24EF2-3E42-4D4B-8F51-068B1F8A279E}.Release|Any CPU.Build.0 = Release|Any CPU
		{3FB24EF2-3E42-4D4B-8F51-068B1F8A279E}.Release|x64.ActiveCfg = Release|Any CPU
		{3FB24EF2-3E42-4D4B-8F51-068B1F8A279E}.Release|x64.Build.0 = Release|Any CPU
		{3FB24EF2-3E42-4D4B-8F51-068B1F8A279E}.Release|x86.ActiveCfg = Release|Any CPU
		{3FB24EF2-3E42-4D4B-8F51-068B1F8A279E}.Release|x86.Build.0 = Release|Any CPU
		{223E4743-14BE-4AC4-A705-EF2FB1824F63}.Debug|Any CPU.ActiveCfg = Debug|Any CPU
		{223E4743-14BE-4AC4-A705-EF2FB1824F63}.Debug|Any CPU.Build.0 = Debug|Any CPU
		{223E4743-14BE-4AC4-A705-EF2FB1824F63}.Debug|x64.ActiveCfg = Debug|Any CPU
		{223E4743-14BE-4AC4-A705-EF2FB1824F63}.Debug|x64.Build.0 = Debug|Any CPU
		{223E4743-14BE-4AC4-A705-EF2FB1824F63}.Debug|x86.ActiveCfg = Debug|Any CPU
		{223E4743-14BE-4AC4-A705-EF2FB1824F63}.Debug|x86.Build.0 = Debug|Any CPU
		{223E4743-14BE-4AC4-A705-EF2FB1824F63}.Release|Any CPU.ActiveCfg = Release|Any CPU
		{223E4743-14BE-4AC4-A705-EF2FB1824F63}.Release|Any CPU.Build.0 = Release|Any CPU
		{223E4743-14BE-4AC4-A705-EF2FB1824F63}.Release|x64.ActiveCfg = Release|Any CPU
		{223E4743-14BE-4AC4-A705-EF2FB1824F63}.Release|x64.Build.0 = Release|Any CPU
		{223E4743-14BE-4AC4-A705-EF2FB1824F63}.Release|x86.ActiveCfg = Release|Any CPU
		{223E4743-14BE-4AC4-A705-EF2FB1824F63}.Release|x86.Build.0 = Release|Any CPU
	EndGlobalSection
	GlobalSection(SolutionProperties) = preSolution
		HideSolutionNode = FALSE
	EndGlobalSection
	GlobalSection(NestedProjects) = preSolution
		{9B704774-1489-408E-BF42-91BC230EF80D} = {FBBF5B9A-BFBA-4956-A12C-C2C7950C125A}
		{573C9F06-8E22-42F6-8241-9BF1B00C0700} = {FBBF5B9A-BFBA-4956-A12C-C2C7950C125A}
		{4D840B08-6493-4A3A-8C9D-F383CBC22883} = {FBBF5B9A-BFBA-4956-A12C-C2C7950C125A}
		{850EB5FB-2971-408A-8FE2-C83AE77C8855} = {A360B53D-6580-449F-87E1-1E833DF014B5}
		{DE8E24ED-3EBE-49A9-BAA5-BF34F8D13AA4} = {A360B53D-6580-449F-87E1-1E833DF014B5}
		{7E5D45C9-551B-4356-8E4C-162F4139FBC8} = {A360B53D-6580-449F-87E1-1E833DF014B5}
		{3FB24EF2-3E42-4D4B-8F51-068B1F8A279E} = {FBBF5B9A-BFBA-4956-A12C-C2C7950C125A}
		{223E4743-14BE-4AC4-A705-EF2FB1824F63} = {FBBF5B9A-BFBA-4956-A12C-C2C7950C125A}
	EndGlobalSection
EndGlobal
